
Microsoft Visual Studio Solution File, Format Version 12.00
# Visual Studio Version 16
Project("{8BC9CEB8-8B4A-11D0-8D11-00A0C91BC942}") = "ALL_BUILD", "ALL_BUILD.vcxproj", "{A5B9C8BE-418D-375B-AF11-B742FD0240F6}"
	ProjectSection(ProjectDependencies) = postProject
		{0A3B122F-59E0-32E5-8380-47B4A4F30CFF} = {0A3B122F-59E0-32E5-8380-47B4A4F30CFF}
		{AADDB1F5-D3E5-3018-9C6F-E7FCC23132D1} = {AADDB1F5-D3E5-3018-9C6F-E7FCC23132D1}
	EndProjectSection
EndProject
Project("{8BC9CEB8-8B4A-11D0-8D11-00A0C91BC942}") = "File_Zipper_Applied_Data_Structures_Project", "File_Zipper_Applied_Data_Structures_Project.vcxproj", "{0A3B122F-59E0-32E5-8380-47B4A4F30CFF}"
	ProjectSection(ProjectDependencies) = postProject
		{AADDB1F5-D3E5-3018-9C6F-E7FCC23132D1} = {AADDB1F5-D3E5-3018-9C6F-E7FCC23132D1}
	EndProjectSection
EndProject
Project("{8BC9CEB8-8B4A-11D0-8D11-00A0C91BC942}") = "ZERO_CHECK", "ZERO_CHECK.vcxproj", "{AADDB1F5-D3E5-3018-9C6F-E7FCC23132D1}"
	ProjectSection(ProjectDependencies) = postProject
	EndProjectSection
EndProject
Global
	GlobalSection(SolutionConfigurationPlatforms) = preSolution
		Debug|x64 = Debug|x64
		Release|x64 = Release|x64
		MinSizeRel|x64 = MinSizeRel|x64
		RelWithDebInfo|x64 = RelWithDebInfo|x64
	EndGlobalSection
	GlobalSection(ProjectConfigurationPlatforms) = postSolution
		{A5B9C8BE-418D-375B-AF11-B742FD0240F6}.Debug|x64.ActiveCfg = Debug|x64
		{A5B9C8BE-418D-375B-AF11-B742FD0240F6}.Release|x64.ActiveCfg = Release|x64
		{A5B9C8BE-418D-375B-AF11-B742FD0240F6}.MinSizeRel|x64.ActiveCfg = MinSizeRel|x64
		{A5B9C8BE-418D-375B-AF11-B742FD0240F6}.RelWithDebInfo|x64.ActiveCfg = RelWithDebInfo|x64
		{0A3B122F-59E0-32E5-8380-47B4A4F30CFF}.Debug|x64.ActiveCfg = Debug|x64
		{0A3B122F-59E0-32E5-8380-47B4A4F30CFF}.Debug|x64.Build.0 = Debug|x64
		{0A3B122F-59E0-32E5-8380-47B4A4F30CFF}.Release|x64.ActiveCfg = Release|x64
		{0A3B122F-59E0-32E5-8380-47B4A4F30CFF}.Release|x64.Build.0 = Release|x64
		{0A3B122F-59E0-32E5-8380-47B4A4F30CFF}.MinSizeRel|x64.ActiveCfg = MinSizeRel|x64
		{0A3B122F-59E0-32E5-8380-47B4A4F30CFF}.MinSizeRel|x64.Build.0 = MinSizeRel|x64
		{0A3B122F-59E0-32E5-8380-47B4A4F30CFF}.RelWithDebInfo|x64.ActiveCfg = RelWithDebInfo|x64
		{0A3B122F-59E0-32E5-8380-47B4A4F30CFF}.RelWithDebInfo|x64.Build.0 = RelWithDebInfo|x64
		{AADDB1F5-D3E5-3018-9C6F-E7FCC23132D1}.Debug|x64.ActiveCfg = Debug|x64
		{AADDB1F5-D3E5-3018-9C6F-E7FCC23132D1}.Debug|x64.Build.0 = Debug|x64
		{AADDB1F5-D3E5-3018-9C6F-E7FCC23132D1}.Release|x64.ActiveCfg = Release|x64
		{AADDB1F5-D3E5-3018-9C6F-E7FCC23132D1}.Release|x64.Build.0 = Release|x64
		{AADDB1F5-D3E5-3018-9C6F-E7FCC23132D1}.MinSizeRel|x64.ActiveCfg = MinSizeRel|x64
		{AADDB1F5-D3E5-3018-9C6F-E7FCC23132D1}.MinSizeRel|x64.Build.0 = MinSizeRel|x64
		{AADDB1F5-D3E5-3018-9C6F-E7FCC23132D1}.RelWithDebInfo|x64.ActiveCfg = RelWithDebInfo|x64
		{AADDB1F5-D3E5-3018-9C6F-E7FCC23132D1}.RelWithDebInfo|x64.Build.0 = RelWithDebInfo|x64
	EndGlobalSection
	GlobalSection(ExtensibilityGlobals) = postSolution
		SolutionGuid = {1E461897-37A5-32E0-B23A-B7D8BE9A51FF}
	EndGlobalSection
	GlobalSection(ExtensibilityAddIns) = postSolution
	EndGlobalSection
EndGlobal
